
Microsoft Visual Studio Solution File, Format Version 12.00
# Visual Studio Version 17
VisualStudioVersion = 17.6.33723.286
MinimumVisualStudioVersion = 10.0.40219.1
Project("{FAE04EC0-301F-11D3-BF4B-00C04F79EFBC}") = "src", "src\src.csproj", "{CF440F50-24B4-4767-B35D-40F21C5F95CA}"
EndProject
Global
	GlobalSection(SolutionConfigurationPlatforms) = preSolution
		Debug|Any CPU = Debug|Any CPU
		Release|Any CPU = Release|Any CPU
	EndGlobalSection
	GlobalSection(ProjectConfigurationPlatforms) = postSolution
		{CF440F50-24B4-4767-B35D-40F21C5F95CA}.Debug|Any CPU.ActiveCfg = Debug|Any CPU
		{CF440F50-24B4-4767-B35D-40F21C5F95CA}.Debug|Any CPU.Build.0 = Debug|Any CPU
		{CF440F50-24B4-4767-B35D-40F21C5F95CA}.Release|Any CPU.ActiveCfg = Release|Any CPU
		{CF440F50-24B4-4767-B35D-40F21C5F95CA}.Release|Any CPU.Build.0 = Release|Any CPU
	EndGlobalSection
	GlobalSection(SolutionProperties) = preSolution
		HideSolutionNode = FALSE
	EndGlobalSection
	GlobalSection(ExtensibilityGlobals) = postSolution
		SolutionGuid = {FD70C69D-8DCE-4C85-8DF4-3BDD6B7862C3}
	EndGlobalSection
EndGlobal
